
Microsoft Visual Studio Solution File, Format Version 12.00
# Visual Studio Version 16
VisualStudioVersion = 16.0.31005.135
MinimumVisualStudioVersion = 10.0.40219.1
Project("{FAE04EC0-301F-11D3-BF4B-00C04F79EFBC}") = "Chess3", "Chess3\Chess3.csproj", "{949040BF-006B-448C-8837-7276C5754613}"
EndProject
Global
	GlobalSection(SolutionConfigurationPlatforms) = preSolution
		Debug|Any CPU = Debug|Any CPU
		Release|Any CPU = Release|Any CPU
	EndGlobalSection
	GlobalSection(ProjectConfigurationPlatforms) = postSolution
		{949040BF-006B-448C-8837-7276C5754613}.Debug|Any CPU.ActiveCfg = Debug|Any CPU
		{949040BF-006B-448C-8837-7276C5754613}.Debug|Any CPU.Build.0 = Debug|Any CPU
		{949040BF-006B-448C-8837-7276C5754613}.Release|Any CPU.ActiveCfg = Release|Any CPU
		{949040BF-006B-448C-8837-7276C5754613}.Release|Any CPU.Build.0 = Release|Any CPU
	EndGlobalSection
	GlobalSection(SolutionProperties) = preSolution
		HideSolutionNode = FALSE
	EndGlobalSection
	GlobalSection(ExtensibilityGlobals) = postSolution
		SolutionGuid = {843A5C01-0426-41FF-A0D4-6EBADC407232}
	EndGlobalSection
EndGlobal
